
Microsoft Visual Studio Solution File, Format Version 12.00
# Visual Studio Version 17
VisualStudioVersion = 17.11.35208.52
MinimumVisualStudioVersion = 10.0.40219.1
Project("{FAE04EC0-301F-11D3-BF4B-00C04F79EFBC}") = "CodingChallengesJimenezP3", "CodingChallengesJimenezP3.csproj", "{FBCA9D74-0E79-4547-BA89-E83BBC995C71}"
EndProject
Global
	GlobalSection(SolutionConfigurationPlatforms) = preSolution
		Debug|Any CPU = Debug|Any CPU
		Release|Any CPU = Release|Any CPU
	EndGlobalSection
	GlobalSection(ProjectConfigurationPlatforms) = postSolution
		{FBCA9D74-0E79-4547-BA89-E83BBC995C71}.Debug|Any CPU.ActiveCfg = Debug|Any CPU
		{FBCA9D74-0E79-4547-BA89-E83BBC995C71}.Debug|Any CPU.Build.0 = Debug|Any CPU
		{FBCA9D74-0E79-4547-BA89-E83BBC995C71}.Release|Any CPU.ActiveCfg = Release|Any CPU
		{FBCA9D74-0E79-4547-BA89-E83BBC995C71}.Release|Any CPU.Build.0 = Release|Any CPU
	EndGlobalSection
	GlobalSection(SolutionProperties) = preSolution
		HideSolutionNode = FALSE
	EndGlobalSection
	GlobalSection(ExtensibilityGlobals) = postSolution
		SolutionGuid = {C1ADBADA-40E6-414B-BA43-6D92BB2E82CD}
	EndGlobalSection
EndGlobal
